
Microsoft Visual Studio Solution File, Format Version 12.00
# Visual Studio Version 16
VisualStudioVersion = 16.0.29123.88
MinimumVisualStudioVersion = 10.0.40219.1
Project("{FAE04EC0-301F-11D3-BF4B-00C04F79EFBC}") = "NLayerApp.WEB", "NLayerApp.WEB\NLayerApp.WEB.csproj", "{EA79C854-CA60-437A-8AB5-3676F2265D22}"
EndProject
Project("{FAE04EC0-301F-11D3-BF4B-00C04F79EFBC}") = "NLayerApp.DAL", "NLayerApp.DAL\NLayerApp.DAL.csproj", "{0F4C8540-D9B9-429C-9A02-38C390C3CE16}"
EndProject
Project("{FAE04EC0-301F-11D3-BF4B-00C04F79EFBC}") = "NLayerApp.BLL", "NLayerApp.BLL\NLayerApp.BLL.csproj", "{CE5D1861-ABCE-4335-8E95-C4F8CB1DA68E}"
EndProject
Global
	GlobalSection(SolutionConfigurationPlatforms) = preSolution
		Debug|Any CPU = Debug|Any CPU
		Release|Any CPU = Release|Any CPU
	EndGlobalSection
	GlobalSection(ProjectConfigurationPlatforms) = postSolution
		{EA79C854-CA60-437A-8AB5-3676F2265D22}.Debug|Any CPU.ActiveCfg = Debug|Any CPU
		{EA79C854-CA60-437A-8AB5-3676F2265D22}.Debug|Any CPU.Build.0 = Debug|Any CPU
		{EA79C854-CA60-437A-8AB5-3676F2265D22}.Release|Any CPU.ActiveCfg = Release|Any CPU
		{EA79C854-CA60-437A-8AB5-3676F2265D22}.Release|Any CPU.Build.0 = Release|Any CPU
		{0F4C8540-D9B9-429C-9A02-38C390C3CE16}.Debug|Any CPU.ActiveCfg = Debug|Any CPU
		{0F4C8540-D9B9-429C-9A02-38C390C3CE16}.Debug|Any CPU.Build.0 = Debug|Any CPU
		{0F4C8540-D9B9-429C-9A02-38C390C3CE16}.Release|Any CPU.ActiveCfg = Release|Any CPU
		{0F4C8540-D9B9-429C-9A02-38C390C3CE16}.Release|Any CPU.Build.0 = Release|Any CPU
		{CE5D1861-ABCE-4335-8E95-C4F8CB1DA68E}.Debug|Any CPU.ActiveCfg = Debug|Any CPU
		{CE5D1861-ABCE-4335-8E95-C4F8CB1DA68E}.Debug|Any CPU.Build.0 = Debug|Any CPU
		{CE5D1861-ABCE-4335-8E95-C4F8CB1DA68E}.Release|Any CPU.ActiveCfg = Release|Any CPU
		{CE5D1861-ABCE-4335-8E95-C4F8CB1DA68E}.Release|Any CPU.Build.0 = Release|Any CPU
	EndGlobalSection
	GlobalSection(SolutionProperties) = preSolution
		HideSolutionNode = FALSE
	EndGlobalSection
	GlobalSection(ExtensibilityGlobals) = postSolution
		SolutionGuid = {295BBE5B-A2C9-41C5-949F-C7DECD6835FC}
	EndGlobalSection
EndGlobal
